<?xml version="1.0" encoding="utf-8"?>
<Project ToolsVersion="4.0" xmlns="http://schemas.microsoft.com/developer/msbuild/2003">
  <ItemGroup>
    <Filter Include="리소스 파일">
      <UniqueIdentifier>{67DA6AB6-F800-4c08-8B7A-83BB121AAD01}</UniqueIdentifier>
      <Extensions>rc;ico;cur;bmp;dlg;rc2;rct;bin;rgs;gif;jpg;jpeg;jpe;resx;tiff;tif;png;wav;mfcribbon-ms</Extensions>
    </Filter>
    <Filter Include="Default">
      <UniqueIdentifier>{09726065-25de-4bf7-beb4-200277b61406}</UniqueIdentifier>
    </Filter>
    <Filter Include="Engine">
      <UniqueIdentifier>{6721ad73-855c-41c4-b623-d0c0e4c11875}</UniqueIdentifier>
    </Filter>
    <Filter Include="Engine\01.Header">
      <UniqueIdentifier>{da94adea-fce7-460f-84f6-5f589ce7df06}</UniqueIdentifier>
    </Filter>
    <Filter Include="Engine\02.Core">
      <UniqueIdentifier>{61ee07b5-120b-4031-999b-c6ae9f5300cd}</UniqueIdentifier>
    </Filter>
    <Filter Include="Engine\03.Manager">
      <UniqueIdentifier>{94606b8d-04dc-4d6f-86a5-2af9a6fde5ea}</UniqueIdentifier>
    </Filter>
    <Filter Include="Engine\04.Object">
      <UniqueIdentifier>{103eab93-f6d7-42c9-b435-fc270874ee23}</UniqueIdentifier>
    </Filter>
    <Filter Include="Engine\05.Scene">
      <UniqueIdentifier>{b71e6199-5a51-442c-9758-7d2cbf7a0749}</UniqueIdentifier>
    </Filter>
    <Filter Include="Engine\06.Resources">
      <UniqueIdentifier>{3b2c3bb8-e3e3-4051-940f-8dce413af5e5}</UniqueIdentifier>
    </Filter>
    <Filter Include="Engine\03.Manager\KeyMgr">
      <UniqueIdentifier>{53bb2844-ed5e-469a-afb2-5e4b6972d7bd}</UniqueIdentifier>
    </Filter>
    <Filter Include="Engine\03.Manager\PathMgr">
      <UniqueIdentifier>{446dbe47-dbca-4c64-9f34-af796cce86a8}</UniqueIdentifier>
    </Filter>
    <Filter Include="Engine\03.Manager\SceneMgr">
      <UniqueIdentifier>{332a035c-16b0-421b-b060-da58af82de27}</UniqueIdentifier>
    </Filter>
    <Filter Include="Engine\04.Object\Player">
      <UniqueIdentifier>{d2ab2062-2e2e-410e-acd8-8d233f9b65ff}</UniqueIdentifier>
    </Filter>
    <Filter Include="Engine\04.Object\Monster">
      <UniqueIdentifier>{dc46c70d-3e7a-4624-85c0-4bcf35d83985}</UniqueIdentifier>
    </Filter>
    <Filter Include="Engine\05.Scene\Scene_Start">
      <UniqueIdentifier>{f37d7585-ef3a-4dd5-9920-fd4db83a5556}</UniqueIdentifier>
    </Filter>
    <Filter Include="Engine\03.Manager\TimeMgr">
      <UniqueIdentifier>{8195d638-6676-411c-8017-074a34f81c06}</UniqueIdentifier>
    </Filter>
    <Filter Include="Engine\06.Resources\Texture">
      <UniqueIdentifier>{5c6e7f81-4404-488e-9b12-423a0bb3da49}</UniqueIdentifier>
    </Filter>
    <Filter Include="Engine\06.Resources\Sound">
      <UniqueIdentifier>{83cd6ae3-1b50-46b7-a3c6-fb0be49b7afd}</UniqueIdentifier>
    </Filter>
    <Filter Include="Engine\03.Manager\EventMgr">
      <UniqueIdentifier>{b1bb2349-1d4e-40c6-9645-8eb7f6953500}</UniqueIdentifier>
    </Filter>
    <Filter Include="Engine\07.Components">
      <UniqueIdentifier>{ce407475-2f59-4e75-ba48-6ab37095275c}</UniqueIdentifier>
    </Filter>
    <Filter Include="Engine\08.Module">
      <UniqueIdentifier>{541dfb67-6190-4279-96d7-68f01399befd}</UniqueIdentifier>
    </Filter>
    <Filter Include="Engine\03.Manager\ResourceMgr">
      <UniqueIdentifier>{0b676888-399d-45f9-87a5-4e1f95a2fb01}</UniqueIdentifier>
    </Filter>
    <Filter Include="Engine\07.Components\Collider">
      <UniqueIdentifier>{ba777bda-8e8f-48c4-80b1-ea4aabb67d96}</UniqueIdentifier>
    </Filter>
    <Filter Include="Engine\03.Manager\CollisionMgr">
      <UniqueIdentifier>{dbb26b8c-1b24-4858-8220-65c36e963460}</UniqueIdentifier>
    </Filter>
    <Filter Include="Engine\05.Scene\Scene_Tool">
      <UniqueIdentifier>{6fc86ed9-056d-4fd9-8765-060a811d0629}</UniqueIdentifier>
    </Filter>
    <Filter Include="Engine\07.Components\Animator">
      <UniqueIdentifier>{a0c5ab8e-42ec-4421-be13-05afb1e5a527}</UniqueIdentifier>
    </Filter>
    <Filter Include="Engine\07.Components\Animator\Animation">
      <UniqueIdentifier>{35be09d7-689a-47ae-bdf7-cc15dcbee225}</UniqueIdentifier>
    </Filter>
    <Filter Include="Engine\07.Components\RigidBody">
      <UniqueIdentifier>{bca660b0-3c3d-4e88-9289-547e50c108f2}</UniqueIdentifier>
    </Filter>
    <Filter Include="Engine\04.Object\Platform">
      <UniqueIdentifier>{2067847f-ab35-4c8e-9a3f-f7083cb285f6}</UniqueIdentifier>
    </Filter>
    <Filter Include="Engine\04.Object\Bomb">
      <UniqueIdentifier>{785b899a-5180-43de-ab0a-be5747547845}</UniqueIdentifier>
    </Filter>
    <Filter Include="Engine\04.Object\Explosion">
      <UniqueIdentifier>{6c507fb7-929b-4102-8415-13a1524ee922}</UniqueIdentifier>
    </Filter>
    <Filter Include="Engine\06.Resources\GdiplusImage">
      <UniqueIdentifier>{3fe5fcdd-56df-490f-ade6-b247e8ca7176}</UniqueIdentifier>
    </Filter>
    <Filter Include="Engine\04.Object\Monster\Bat">
      <UniqueIdentifier>{fc47d912-f636-48c4-b8b3-e873e73eaeb4}</UniqueIdentifier>
    </Filter>
    <Filter Include="Engine\04.Object\Monster\Rat">
      <UniqueIdentifier>{82c5e83b-0506-47d5-9e8b-0a350b431a7a}</UniqueIdentifier>
    </Filter>
    <Filter Include="Engine\04.Object\Monster\Crab">
      <UniqueIdentifier>{1119d313-7852-4bfb-99b8-fc9ac5139fa2}</UniqueIdentifier>
    </Filter>
    <Filter Include="Engine\04.Object\SpinPlate">
      <UniqueIdentifier>{a8f754be-4548-4da9-935c-8516998c567a}</UniqueIdentifier>
    </Filter>
    <Filter Include="Engine\04.Object\UI">
      <UniqueIdentifier>{cfb58f65-2d60-4561-bdbe-658b0dcc817d}</UniqueIdentifier>
    </Filter>
    <Filter Include="Engine\04.Object\Monster\Ghost">
      <UniqueIdentifier>{396eb234-1b7c-44be-bc21-17f23308d999}</UniqueIdentifier>
    </Filter>
    <Filter Include="Engine\04.Object\MonsterEgg">
      <UniqueIdentifier>{44dc8e85-077a-43af-a767-f7359887b547}</UniqueIdentifier>
    </Filter>
    <Filter Include="Engine\04.Object\Key">
      <UniqueIdentifier>{a0c08718-0bab-43d0-b11b-5330b3092283}</UniqueIdentifier>
    </Filter>
    <Filter Include="Engine\04.Object\Lock">
      <UniqueIdentifier>{8f74055a-ac69-4f2c-ad94-a41151fffc22}</UniqueIdentifier>
    </Filter>
  </ItemGroup>
  <ItemGroup>
    <ClInclude Include="define.h">
      <Filter>Engine\01.Header</Filter>
    </ClInclude>
    <ClInclude Include="framework.h">
      <Filter>Default</Filter>
    </ClInclude>
    <ClInclude Include="penbros.h">
      <Filter>Default</Filter>
    </ClInclude>
    <ClInclude Include="Resource.h">
      <Filter>Default</Filter>
    </ClInclude>
    <ClInclude Include="targetver.h">
      <Filter>Default</Filter>
    </ClInclude>
    <ClInclude Include="Vector2D.h">
      <Filter>Default</Filter>
    </ClInclude>
    <ClInclude Include="CCore.h">
      <Filter>Engine\02.Core</Filter>
    </ClInclude>
    <ClInclude Include="CPathMgr.h">
      <Filter>Engine\03.Manager\PathMgr</Filter>
    </ClInclude>
    <ClInclude Include="CTimeMgr.h">
      <Filter>Engine\03.Manager\TimeMgr</Filter>
    </ClInclude>
    <ClInclude Include="CKeyMgr.h">
      <Filter>Engine\03.Manager\KeyMgr</Filter>
    </ClInclude>
    <ClInclude Include="CSceneMgr.h">
      <Filter>Engine\03.Manager\SceneMgr</Filter>
    </ClInclude>
    <ClInclude Include="CScene_Start.h">
      <Filter>Engine\05.Scene\Scene_Start</Filter>
    </ClInclude>
    <ClInclude Include="CPlayer.h">
      <Filter>Engine\04.Object\Player</Filter>
    </ClInclude>
    <ClInclude Include="CObject.h">
      <Filter>Engine\04.Object</Filter>
    </ClInclude>
    <ClInclude Include="CScene.h">
      <Filter>Engine\05.Scene</Filter>
    </ClInclude>
    <ClInclude Include="CSound.h">
      <Filter>Engine\06.Resources\Sound</Filter>
    </ClInclude>
    <ClInclude Include="CTexture.h">
      <Filter>Engine\06.Resources\Texture</Filter>
    </ClInclude>
    <ClInclude Include="CRes.h">
      <Filter>Engine\06.Resources</Filter>
    </ClInclude>
    <ClInclude Include="CEventMgr.h">
      <Filter>Engine\03.Manager\EventMgr</Filter>
    </ClInclude>
    <ClInclude Include="SelectGDI.h">
      <Filter>Engine\08.Module</Filter>
    </ClInclude>
    <ClInclude Include="CResMgr.h">
      <Filter>Engine\03.Manager\ResourceMgr</Filter>
    </ClInclude>
    <ClInclude Include="CCollider.h">
      <Filter>Engine\07.Components\Collider</Filter>
    </ClInclude>
    <ClInclude Include="CCollisionMgr.h">
      <Filter>Engine\03.Manager\CollisionMgr</Filter>
    </ClInclude>
    <ClInclude Include="func.h">
      <Filter>Engine\01.Header</Filter>
    </ClInclude>
    <ClInclude Include="CScene_Tool.h">
      <Filter>Engine\05.Scene\Scene_Tool</Filter>
    </ClInclude>
    <ClInclude Include="pch.h">
      <Filter>Engine</Filter>
    </ClInclude>
    <ClInclude Include="CAnimator.h">
      <Filter>Engine\07.Components\Animator</Filter>
    </ClInclude>
    <ClInclude Include="CAnimation.h">
      <Filter>Engine\07.Components\Animator\Animation</Filter>
    </ClInclude>
    <ClInclude Include="CRigidBody.h">
      <Filter>Engine\07.Components\RigidBody</Filter>
    </ClInclude>
    <ClInclude Include="CPlatform.h">
      <Filter>Engine\04.Object\Platform</Filter>
    </ClInclude>
    <ClInclude Include="CBomb.h">
      <Filter>Engine\04.Object\Bomb</Filter>
    </ClInclude>
    <ClInclude Include="CExplosion.h">
      <Filter>Engine\04.Object\Explosion</Filter>
    </ClInclude>
    <ClInclude Include="CImage.h">
      <Filter>Engine\06.Resources\GdiplusImage</Filter>
    </ClInclude>
    <ClInclude Include="CSpinPlate.h">
      <Filter>Engine\04.Object\SpinPlate</Filter>
    </ClInclude>
    <ClInclude Include="CBat.h">
      <Filter>Engine\04.Object\Monster\Bat</Filter>
    </ClInclude>
    <ClInclude Include="CCrab.h">
      <Filter>Engine\04.Object\Monster\Crab</Filter>
    </ClInclude>
    <ClInclude Include="CRat.h">
      <Filter>Engine\04.Object\Monster\Rat</Filter>
    </ClInclude>
    <ClInclude Include="CMonster.h">
      <Filter>Engine\04.Object\Monster</Filter>
    </ClInclude>
    <ClInclude Include="CUI.h">
      <Filter>Engine\04.Object\UI</Filter>
    </ClInclude>
    <ClInclude Include="CGhost.h">
      <Filter>Engine\04.Object\Monster\Ghost</Filter>
    </ClInclude>
    <ClInclude Include="CMonsterEgg.h">
      <Filter>Engine\04.Object\MonsterEgg</Filter>
    </ClInclude>
    <ClInclude Include="CKey.h">
      <Filter>Engine\04.Object\Key</Filter>
    </ClInclude>
    <ClInclude Include="CLock.h">
      <Filter>Engine\04.Object\Lock</Filter>
    </ClInclude>
  </ItemGroup>
  <ItemGroup>
    <ResourceCompile Include="penbros.rc">
      <Filter>리소스 파일</Filter>
    </ResourceCompile>
  </ItemGroup>
  <ItemGroup>
    <Image Include="small.ico">
      <Filter>리소스 파일</Filter>
    </Image>
    <Image Include="penbros.ico">
      <Filter>리소스 파일</Filter>
    </Image>
  </ItemGroup>
  <ItemGroup>
    <ClCompile Include="penbros.cpp">
      <Filter>Default</Filter>
    </ClCompile>
    <ClCompile Include="Vector2D.cpp">
      <Filter>Default</Filter>
    </ClCompile>
    <ClCompile Include="CCore.cpp">
      <Filter>Engine\02.Core</Filter>
    </ClCompile>
    <ClCompile Include="CPathMgr.cpp">
      <Filter>Engine\03.Manager\PathMgr</Filter>
    </ClCompile>
    <ClCompile Include="CKeyMgr.cpp">
      <Filter>Engine\03.Manager\KeyMgr</Filter>
    </ClCompile>
    <ClCompile Include="CSceneMgr.cpp">
      <Filter>Engine\03.Manager\SceneMgr</Filter>
    </ClCompile>
    <ClCompile Include="CScene_Start.cpp">
      <Filter>Engine\05.Scene\Scene_Start</Filter>
    </ClCompile>
    <ClCompile Include="CPlayer.cpp">
      <Filter>Engine\04.Object\Player</Filter>
    </ClCompile>
    <ClCompile Include="CObject.cpp">
      <Filter>Engine\04.Object</Filter>
    </ClCompile>
    <ClCompile Include="CScene.cpp">
      <Filter>Engine\05.Scene</Filter>
    </ClCompile>
    <ClCompile Include="CSound.cpp">
      <Filter>Engine\06.Resources\Sound</Filter>
    </ClCompile>
    <ClCompile Include="CTexture.cpp">
      <Filter>Engine\06.Resources\Texture</Filter>
    </ClCompile>
    <ClCompile Include="CRes.cpp">
      <Filter>Engine\06.Resources</Filter>
    </ClCompile>
    <ClCompile Include="CEventMgr.cpp">
      <Filter>Engine\03.Manager\EventMgr</Filter>
    </ClCompile>
    <ClCompile Include="SelectGDI.cpp">
      <Filter>Engine\08.Module</Filter>
    </ClCompile>
    <ClCompile Include="CResMgr.cpp">
      <Filter>Engine\03.Manager\ResourceMgr</Filter>
    </ClCompile>
    <ClCompile Include="CCollider.cpp">
      <Filter>Engine\07.Components\Collider</Filter>
    </ClCompile>
    <ClCompile Include="CCollisionMgr.cpp">
      <Filter>Engine\03.Manager\CollisionMgr</Filter>
    </ClCompile>
    <ClCompile Include="func.cpp">
      <Filter>Engine\01.Header</Filter>
    </ClCompile>
    <ClCompile Include="CScene_Tool.cpp">
      <Filter>Engine\05.Scene\Scene_Tool</Filter>
    </ClCompile>
    <ClCompile Include="CTimeMgr.cpp">
      <Filter>Engine\03.Manager\TimeMgr</Filter>
    </ClCompile>
    <ClCompile Include="CAnimator.cpp">
      <Filter>Engine\07.Components\Animator</Filter>
    </ClCompile>
    <ClCompile Include="CAnimation.cpp">
      <Filter>Engine\07.Components\Animator\Animation</Filter>
    </ClCompile>
    <ClCompile Include="CRigidBody.cpp">
      <Filter>Engine\07.Components\RigidBody</Filter>
    </ClCompile>
    <ClCompile Include="CPlatform.cpp">
      <Filter>Engine\04.Object\Platform</Filter>
    </ClCompile>
    <ClCompile Include="CBomb.cpp">
      <Filter>Engine\04.Object\Bomb</Filter>
    </ClCompile>
    <ClCompile Include="CExplosion.cpp">
      <Filter>Engine\04.Object\Explosion</Filter>
    </ClCompile>
    <ClCompile Include="CImage.cpp">
      <Filter>Engine\06.Resources\GdiplusImage</Filter>
    </ClCompile>
    <ClCompile Include="CSpinPlate.cpp">
      <Filter>Engine\04.Object\SpinPlate</Filter>
    </ClCompile>
    <ClCompile Include="CBat.cpp">
      <Filter>Engine\04.Object\Monster\Bat</Filter>
    </ClCompile>
    <ClCompile Include="CCrab.cpp">
      <Filter>Engine\04.Object\Monster\Crab</Filter>
    </ClCompile>
    <ClCompile Include="CRat.cpp">
      <Filter>Engine\04.Object\Monster\Rat</Filter>
    </ClCompile>
    <ClCompile Include="CMonster.cpp">
      <Filter>Engine\04.Object\Monster</Filter>
    </ClCompile>
    <ClCompile Include="CUI.cpp">
      <Filter>Engine\04.Object\UI</Filter>
    </ClCompile>
    <ClCompile Include="CGhost.cpp">
      <Filter>Engine\04.Object\Monster\Ghost</Filter>
    </ClCompile>
    <ClCompile Include="CMonsterEgg.cpp">
      <Filter>Engine\04.Object\MonsterEgg</Filter>
    </ClCompile>
    <ClCompile Include="CKey.cpp">
      <Filter>Engine\04.Object\Key</Filter>
    </ClCompile>
    <ClCompile Include="CLock.cpp">
      <Filter>Engine\04.Object\Lock</Filter>
    </ClCompile>
  </ItemGroup>
</Project>